
Microsoft Visual Studio Solution File, Format Version 12.00
# Visual Studio 15
VisualStudioVersion = 15.0.28010.2026
MinimumVisualStudioVersion = 10.0.40219.1
Project("{FAE04EC0-301F-11D3-BF4B-00C04F79EFBC}") = "PagedControl", "PagedControl\PagedControl.csproj", "{9FE68E49-F2BA-4266-A618-0D4C68512F13}"
EndProject
Project("{FAE04EC0-301F-11D3-BF4B-00C04F79EFBC}") = "TestApp", "TestApp\TestApp.csproj", "{31FABBE2-820F-45DC-80D7-A661A8C9BAC0}"
EndProject
Project("{FAE04EC0-301F-11D3-BF4B-00C04F79EFBC}") = "UnitTests", "UnitTests\UnitTests.csproj", "{EC44B907-79D2-4E5F-9CA0-2B649CB60BE4}"
EndProject
Project("{2150E333-8FDC-42A3-9474-1A3956D46DE8}") = "Solution Items", "Solution Items", "{3475F8F6-8C8A-4C14-9183-05CFAEE77903}"
	ProjectSection(SolutionItems) = preProject
		appveyor.yml = appveyor.yml
		LICENSE = LICENSE
		nuget create package.ps1 = nuget create package.ps1
		nuget update package.ps1 = nuget update package.ps1
		README.md = README.md
		update documentation.ps1 = update documentation.ps1
	EndProjectSection
EndProject
Project("{FAE04EC0-301F-11D3-BF4B-00C04F79EFBC}") = "Documentation", "Documentation\Documentation.csproj", "{FE354FEF-85B4-4A5B-A130-7DD226A9B015}"
EndProject
Global
	GlobalSection(SolutionConfigurationPlatforms) = preSolution
		Debug|Any CPU = Debug|Any CPU
		Release|Any CPU = Release|Any CPU
	EndGlobalSection
	GlobalSection(ProjectConfigurationPlatforms) = postSolution
		{9FE68E49-F2BA-4266-A618-0D4C68512F13}.Debug|Any CPU.ActiveCfg = Debug|Any CPU
		{9FE68E49-F2BA-4266-A618-0D4C68512F13}.Debug|Any CPU.Build.0 = Debug|Any CPU
		{9FE68E49-F2BA-4266-A618-0D4C68512F13}.Release|Any CPU.ActiveCfg = Release|Any CPU
		{9FE68E49-F2BA-4266-A618-0D4C68512F13}.Release|Any CPU.Build.0 = Release|Any CPU
		{31FABBE2-820F-45DC-80D7-A661A8C9BAC0}.Debug|Any CPU.ActiveCfg = Debug|Any CPU
		{31FABBE2-820F-45DC-80D7-A661A8C9BAC0}.Debug|Any CPU.Build.0 = Debug|Any CPU
		{31FABBE2-820F-45DC-80D7-A661A8C9BAC0}.Release|Any CPU.ActiveCfg = Release|Any CPU
		{31FABBE2-820F-45DC-80D7-A661A8C9BAC0}.Release|Any CPU.Build.0 = Release|Any CPU
		{EC44B907-79D2-4E5F-9CA0-2B649CB60BE4}.Debug|Any CPU.ActiveCfg = Debug|Any CPU
		{EC44B907-79D2-4E5F-9CA0-2B649CB60BE4}.Debug|Any CPU.Build.0 = Debug|Any CPU
		{EC44B907-79D2-4E5F-9CA0-2B649CB60BE4}.Release|Any CPU.ActiveCfg = Release|Any CPU
		{EC44B907-79D2-4E5F-9CA0-2B649CB60BE4}.Release|Any CPU.Build.0 = Release|Any CPU
		{FE354FEF-85B4-4A5B-A130-7DD226A9B015}.Debug|Any CPU.ActiveCfg = Debug|Any CPU
		{FE354FEF-85B4-4A5B-A130-7DD226A9B015}.Debug|Any CPU.Build.0 = Debug|Any CPU
		{FE354FEF-85B4-4A5B-A130-7DD226A9B015}.Release|Any CPU.ActiveCfg = Release|Any CPU
		{FE354FEF-85B4-4A5B-A130-7DD226A9B015}.Release|Any CPU.Build.0 = Release|Any CPU
	EndGlobalSection
	GlobalSection(SolutionProperties) = preSolution
		HideSolutionNode = FALSE
	EndGlobalSection
	GlobalSection(ExtensibilityGlobals) = postSolution
		SolutionGuid = {D3C8C470-3623-4218-87E7-D2FB70C9DCA1}
	EndGlobalSection
EndGlobal
